
Microsoft Visual Studio Solution File, Format Version 12.00
# Visual Studio Version 17
VisualStudioVersion = 17.13.35828.75 d17.13
MinimumVisualStudioVersion = 10.0.40219.1
Project("{8BC9CEB8-8B4A-11D0-8D11-00A0C91BC942}") = "CG_assignment6", "CG_assignment6.vcxproj", "{E8B539BC-B728-4434-A768-9602F4ED7ABE}"
EndProject
Global
	GlobalSection(SolutionConfigurationPlatforms) = preSolution
		Debug|x64 = Debug|x64
		Debug|x86 = Debug|x86
		Release|x64 = Release|x64
		Release|x86 = Release|x86
	EndGlobalSection
	GlobalSection(ProjectConfigurationPlatforms) = postSolution
		{E8B539BC-B728-4434-A768-9602F4ED7ABE}.Debug|x64.ActiveCfg = Debug|x64
		{E8B539BC-B728-4434-A768-9602F4ED7ABE}.Debug|x64.Build.0 = Debug|x64
		{E8B539BC-B728-4434-A768-9602F4ED7ABE}.Debug|x86.ActiveCfg = Debug|Win32
		{E8B539BC-B728-4434-A768-9602F4ED7ABE}.Debug|x86.Build.0 = Debug|Win32
		{E8B539BC-B728-4434-A768-9602F4ED7ABE}.Release|x64.ActiveCfg = Release|x64
		{E8B539BC-B728-4434-A768-9602F4ED7ABE}.Release|x64.Build.0 = Release|x64
		{E8B539BC-B728-4434-A768-9602F4ED7ABE}.Release|x86.ActiveCfg = Release|Win32
		{E8B539BC-B728-4434-A768-9602F4ED7ABE}.Release|x86.Build.0 = Release|Win32
	EndGlobalSection
	GlobalSection(SolutionProperties) = preSolution
		HideSolutionNode = FALSE
	EndGlobalSection
	GlobalSection(ExtensibilityGlobals) = postSolution
		SolutionGuid = {87ECE8DB-D715-41AB-B95A-F20951C3F439}
	EndGlobalSection
EndGlobal
